
Microsoft Visual Studio Solution File, Format Version 12.00
# Visual Studio Version 17
VisualStudioVersion = 17.10.34916.146
MinimumVisualStudioVersion = 10.0.40219.1
Project("{2150E333-8FDC-42A3-9474-1A3956D46DE8}") = "API", "API", "{A4D3D22B-74F2-4024-97FE-15697BBF849F}"
EndProject
Project("{2150E333-8FDC-42A3-9474-1A3956D46DE8}") = "Application", "Application", "{93DEB526-5457-43FB-A763-A0DD73C56AA9}"
EndProject
Project("{2150E333-8FDC-42A3-9474-1A3956D46DE8}") = "Domain", "Domain", "{1533F1DA-3A5D-489A-BFCB-321AD7579EE3}"
EndProject
Project("{2150E333-8FDC-42A3-9474-1A3956D46DE8}") = "Infraestructure", "Infraestructure", "{8F0C2163-ED5E-449F-9CC3-5AB3586CC66E}"
EndProject
Project("{9A19103F-16F7-4668-BE54-9A1E7A4F7556}") = "Poliedro.Psr.Api", "Poliedro.Psr.Api\Poliedro.Psr.Api.csproj", "{BC552182-B276-4543-9612-CE7284503C78}"
EndProject
Project("{9A19103F-16F7-4668-BE54-9A1E7A4F7556}") = "Poliedro.Psr.Application", "Poliedro.Psr.Application\Poliedro.Psr.Application.csproj", "{C008E4B2-A1AD-4515-BB7D-D206003C6C47}"
EndProject
Project("{9A19103F-16F7-4668-BE54-9A1E7A4F7556}") = "Poliedro.Psr.Domain", "Poliedro.Psr.Domain\Poliedro.Psr.Domain.csproj", "{52DDBD2D-4388-4A6D-AA4C-564AB5E78942}"
EndProject
Project("{2150E333-8FDC-42A3-9474-1A3956D46DE8}") = "Persistence", "Persistence", "{0E8664E0-946D-402D-B176-E302D08148A0}"
EndProject
Project("{2150E333-8FDC-42A3-9474-1A3956D46DE8}") = "External", "External", "{37D6279A-7AD2-4EB6-A9FB-BB2B1EC3E7F5}"
EndProject
Project("{9A19103F-16F7-4668-BE54-9A1E7A4F7556}") = "Poliedro.Psr.Api.Tests", "Poliedro.Psr.Api.Tests\Poliedro.Psr.Api.Tests.csproj", "{112EDF2F-83CE-40D7-A130-315F392B14C7}"
EndProject
Project("{9A19103F-16F7-4668-BE54-9A1E7A4F7556}") = "Poliedro.Psr.Domain.Test", "Poliedro.Psr.Domain.Test\Poliedro.Psr.Domain.Test.csproj", "{70ED284B-4B0E-4463-889D-AEE5177B014A}"
EndProject
Project("{2150E333-8FDC-42A3-9474-1A3956D46DE8}") = "Azure", "Azure", "{898E7780-A044-403A-AF8C-56AB9B7B6312}"
EndProject
Project("{9A19103F-16F7-4668-BE54-9A1E7A4F7556}") = "Poliedro.Psr.Infraestructure.External.Azure", "Poliedro.Psr.Infraestructure.External.Azure\Poliedro.Psr.Infraestructure.External.Azure.csproj", "{0C53064D-47BA-4F56-A98A-36E225DBD050}"
EndProject
Project("{2150E333-8FDC-42A3-9474-1A3956D46DE8}") = "Workers", "Workers", "{6831D87C-E03E-44AD-83FC-638188A3E3BD}"
EndProject
Project("{2150E333-8FDC-42A3-9474-1A3956D46DE8}") = "RabbitMq", "RabbitMq", "{FB6129EE-ED42-4E51-804C-803FFAFA2D85}"
EndProject
Project("{9A19103F-16F7-4668-BE54-9A1E7A4F7556}") = "Poliedro.Psr.Infraestructure.External.RabbitMQ", "Poliedro.Psr.Infraestructure.External.RabbitMQ\Poliedro.Psr.Infraestructure.External.RabbitMQ.csproj", "{5591D8AB-4355-4A08-99A7-D5AFEDC8ECFC}"
EndProject
Project("{2150E333-8FDC-42A3-9474-1A3956D46DE8}") = "Mongo", "Mongo", "{3E2258AC-213A-45D2-8098-5B11F0FF2366}"
EndProject
Project("{9A19103F-16F7-4668-BE54-9A1E7A4F7556}") = "Poliedro.Psr.Infraestruture.Persistence.Mongo", "Poliedro.Psr.Infraestruture.Persistence.Mongo\Poliedro.Psr.Infraestruture.Persistence.Mongo.csproj", "{22B01BBC-F58F-4A34-93D4-4AFBDE1FEFEB}"
EndProject
Project("{9A19103F-16F7-4668-BE54-9A1E7A4F7556}") = "Poliedro.Psr.Infraestructure.Worker", "Poliedro.Psr.Infraestructure.Worker\Poliedro.Psr.Infraestructure.Worker.csproj", "{2012E8CB-AA64-4E9A-B5B5-95B7F4C88686}"
EndProject
Project("{2150E333-8FDC-42A3-9474-1A3956D46DE8}") = "Pinecone", "Pinecone", "{B1161ACA-77F4-45FC-BC9B-3F3617925C08}"
EndProject
Project("{FAE04EC0-301F-11D3-BF4B-00C04F79EFBC}") = "Pinecone", "Pinecone\Pinecone.csproj", "{106EE1EC-304F-47AB-A13E-0908F5F29740}"
EndProject
Global
	GlobalSection(SolutionConfigurationPlatforms) = preSolution
		Debug|Any CPU = Debug|Any CPU
		Release|Any CPU = Release|Any CPU
	EndGlobalSection
	GlobalSection(ProjectConfigurationPlatforms) = postSolution
		{BC552182-B276-4543-9612-CE7284503C78}.Debug|Any CPU.ActiveCfg = Debug|Any CPU
		{BC552182-B276-4543-9612-CE7284503C78}.Debug|Any CPU.Build.0 = Debug|Any CPU
		{BC552182-B276-4543-9612-CE7284503C78}.Release|Any CPU.ActiveCfg = Release|Any CPU
		{BC552182-B276-4543-9612-CE7284503C78}.Release|Any CPU.Build.0 = Release|Any CPU
		{C008E4B2-A1AD-4515-BB7D-D206003C6C47}.Debug|Any CPU.ActiveCfg = Debug|Any CPU
		{C008E4B2-A1AD-4515-BB7D-D206003C6C47}.Debug|Any CPU.Build.0 = Debug|Any CPU
		{C008E4B2-A1AD-4515-BB7D-D206003C6C47}.Release|Any CPU.ActiveCfg = Release|Any CPU
		{C008E4B2-A1AD-4515-BB7D-D206003C6C47}.Release|Any CPU.Build.0 = Release|Any CPU
		{52DDBD2D-4388-4A6D-AA4C-564AB5E78942}.Debug|Any CPU.ActiveCfg = Debug|Any CPU
		{52DDBD2D-4388-4A6D-AA4C-564AB5E78942}.Debug|Any CPU.Build.0 = Debug|Any CPU
		{52DDBD2D-4388-4A6D-AA4C-564AB5E78942}.Release|Any CPU.ActiveCfg = Release|Any CPU
		{52DDBD2D-4388-4A6D-AA4C-564AB5E78942}.Release|Any CPU.Build.0 = Release|Any CPU
		{112EDF2F-83CE-40D7-A130-315F392B14C7}.Debug|Any CPU.ActiveCfg = Debug|Any CPU
		{112EDF2F-83CE-40D7-A130-315F392B14C7}.Debug|Any CPU.Build.0 = Debug|Any CPU
		{112EDF2F-83CE-40D7-A130-315F392B14C7}.Release|Any CPU.ActiveCfg = Release|Any CPU
		{112EDF2F-83CE-40D7-A130-315F392B14C7}.Release|Any CPU.Build.0 = Release|Any CPU
		{70ED284B-4B0E-4463-889D-AEE5177B014A}.Debug|Any CPU.ActiveCfg = Debug|Any CPU
		{70ED284B-4B0E-4463-889D-AEE5177B014A}.Debug|Any CPU.Build.0 = Debug|Any CPU
		{70ED284B-4B0E-4463-889D-AEE5177B014A}.Release|Any CPU.ActiveCfg = Release|Any CPU
		{70ED284B-4B0E-4463-889D-AEE5177B014A}.Release|Any CPU.Build.0 = Release|Any CPU
		{0C53064D-47BA-4F56-A98A-36E225DBD050}.Debug|Any CPU.ActiveCfg = Debug|Any CPU
		{0C53064D-47BA-4F56-A98A-36E225DBD050}.Debug|Any CPU.Build.0 = Debug|Any CPU
		{0C53064D-47BA-4F56-A98A-36E225DBD050}.Release|Any CPU.ActiveCfg = Release|Any CPU
		{0C53064D-47BA-4F56-A98A-36E225DBD050}.Release|Any CPU.Build.0 = Release|Any CPU
		{5591D8AB-4355-4A08-99A7-D5AFEDC8ECFC}.Debug|Any CPU.ActiveCfg = Debug|Any CPU
		{5591D8AB-4355-4A08-99A7-D5AFEDC8ECFC}.Debug|Any CPU.Build.0 = Debug|Any CPU
		{5591D8AB-4355-4A08-99A7-D5AFEDC8ECFC}.Release|Any CPU.ActiveCfg = Release|Any CPU
		{5591D8AB-4355-4A08-99A7-D5AFEDC8ECFC}.Release|Any CPU.Build.0 = Release|Any CPU
		{22B01BBC-F58F-4A34-93D4-4AFBDE1FEFEB}.Debug|Any CPU.ActiveCfg = Debug|Any CPU
		{22B01BBC-F58F-4A34-93D4-4AFBDE1FEFEB}.Debug|Any CPU.Build.0 = Debug|Any CPU
		{22B01BBC-F58F-4A34-93D4-4AFBDE1FEFEB}.Release|Any CPU.ActiveCfg = Release|Any CPU
		{22B01BBC-F58F-4A34-93D4-4AFBDE1FEFEB}.Release|Any CPU.Build.0 = Release|Any CPU
		{2012E8CB-AA64-4E9A-B5B5-95B7F4C88686}.Debug|Any CPU.ActiveCfg = Debug|Any CPU
		{2012E8CB-AA64-4E9A-B5B5-95B7F4C88686}.Debug|Any CPU.Build.0 = Debug|Any CPU
		{2012E8CB-AA64-4E9A-B5B5-95B7F4C88686}.Release|Any CPU.ActiveCfg = Release|Any CPU
		{2012E8CB-AA64-4E9A-B5B5-95B7F4C88686}.Release|Any CPU.Build.0 = Release|Any CPU
		{106EE1EC-304F-47AB-A13E-0908F5F29740}.Debug|Any CPU.ActiveCfg = Debug|Any CPU
		{106EE1EC-304F-47AB-A13E-0908F5F29740}.Debug|Any CPU.Build.0 = Debug|Any CPU
		{106EE1EC-304F-47AB-A13E-0908F5F29740}.Release|Any CPU.ActiveCfg = Release|Any CPU
		{106EE1EC-304F-47AB-A13E-0908F5F29740}.Release|Any CPU.Build.0 = Release|Any CPU
	EndGlobalSection
	GlobalSection(SolutionProperties) = preSolution
		HideSolutionNode = FALSE
	EndGlobalSection
	GlobalSection(NestedProjects) = preSolution
		{BC552182-B276-4543-9612-CE7284503C78} = {A4D3D22B-74F2-4024-97FE-15697BBF849F}
		{C008E4B2-A1AD-4515-BB7D-D206003C6C47} = {93DEB526-5457-43FB-A763-A0DD73C56AA9}
		{52DDBD2D-4388-4A6D-AA4C-564AB5E78942} = {1533F1DA-3A5D-489A-BFCB-321AD7579EE3}
		{0E8664E0-946D-402D-B176-E302D08148A0} = {8F0C2163-ED5E-449F-9CC3-5AB3586CC66E}
		{37D6279A-7AD2-4EB6-A9FB-BB2B1EC3E7F5} = {8F0C2163-ED5E-449F-9CC3-5AB3586CC66E}
		{112EDF2F-83CE-40D7-A130-315F392B14C7} = {A4D3D22B-74F2-4024-97FE-15697BBF849F}
		{70ED284B-4B0E-4463-889D-AEE5177B014A} = {1533F1DA-3A5D-489A-BFCB-321AD7579EE3}
		{898E7780-A044-403A-AF8C-56AB9B7B6312} = {37D6279A-7AD2-4EB6-A9FB-BB2B1EC3E7F5}
		{0C53064D-47BA-4F56-A98A-36E225DBD050} = {898E7780-A044-403A-AF8C-56AB9B7B6312}
		{6831D87C-E03E-44AD-83FC-638188A3E3BD} = {8F0C2163-ED5E-449F-9CC3-5AB3586CC66E}
		{FB6129EE-ED42-4E51-804C-803FFAFA2D85} = {37D6279A-7AD2-4EB6-A9FB-BB2B1EC3E7F5}
		{5591D8AB-4355-4A08-99A7-D5AFEDC8ECFC} = {FB6129EE-ED42-4E51-804C-803FFAFA2D85}
		{3E2258AC-213A-45D2-8098-5B11F0FF2366} = {0E8664E0-946D-402D-B176-E302D08148A0}
		{22B01BBC-F58F-4A34-93D4-4AFBDE1FEFEB} = {3E2258AC-213A-45D2-8098-5B11F0FF2366}
		{2012E8CB-AA64-4E9A-B5B5-95B7F4C88686} = {6831D87C-E03E-44AD-83FC-638188A3E3BD}
		{B1161ACA-77F4-45FC-BC9B-3F3617925C08} = {37D6279A-7AD2-4EB6-A9FB-BB2B1EC3E7F5}
		{106EE1EC-304F-47AB-A13E-0908F5F29740} = {B1161ACA-77F4-45FC-BC9B-3F3617925C08}
	EndGlobalSection
	GlobalSection(ExtensibilityGlobals) = postSolution
		SolutionGuid = {6A82B1A5-6565-4330-90EC-FBC001E78304}
	EndGlobalSection
EndGlobal
